// !$*UTF8*$!
{
	archiveVersion = 1;
	classes = {
	};
	objectVersion = 63;
	objects = {

/* Begin PBXBuildFile section */
        1A2B3C4D5E6F708090A0B0C0 /* SessionVitalsStore.swift in Sources */ = {isa = PBXBuildFile; fileRef = 0F1E2D3C4B5A697887766554 /* SessionVitalsStore.swift */; };
		0A2E3D1D7817FDFC95550806 /* ThemeSettingsViewController.swift in Sources */ = {isa = PBXBuildFile; fileRef = AF997AA3624C15E5AE4B9AB2 /* ThemeSettingsViewController.swift */; };
		1B3E5F7A8C9D0E2F4A6B8C7D /* KeychainManager.swift in Sources */ = {isa = PBXBuildFile; fileRef = 2C4D6E8F9A0B1C3D5E7F9A1B /* KeychainManager.swift */; };
		0B914DBC526C0929883FFAB7 /* ANSIProcessorTests.swift in Sources */ = {isa = PBXBuildFile; fileRef = 662BE16596DDC3A6772B38ED /* ANSIProcessorTests.swift */; };
		0E8D95DC952C8A92A3CF4757 /* MUDTapper.xcdatamodeld in Sources */ = {isa = PBXBuildFile; fileRef = 38E2007CBADA8A0B272E3570 /* MUDTapper.xcdatamodeld */; };
		183986E0575BA848DD7470B1 /* WorldCardCell.swift in Sources */ = {isa = PBXBuildFile; fileRef = 6251685F95C9F653B7B79E28 /* WorldCardCell.swift */; };
		2308EA878FBBDB769DF22E25 /* PersistenceController.swift in Sources */ = {isa = PBXBuildFile; fileRef = B641755D33EC5B6623194F5D /* PersistenceController.swift */; };
		31AA8BDBB801D1D7FAAC2BB0 /* World.swift in Sources */ = {isa = PBXBuildFile; fileRef = DFAD62E2FEDE014794189C7B /* World.swift */; };
		3453EC76B78331BAF1E57252 /* AutomationItemCell.swift in Sources */ = {isa = PBXBuildFile; fileRef = D53C2171DCAD9163B513FFB0 /* AutomationItemCell.swift */; };
		34A6F5FC2EF7C964879569EE /* DefaultWorlds.plist in Resources */ = {isa = PBXBuildFile; fileRef = F980EAE295EE60E017CA886F /* DefaultWorlds.plist */; };
		393D16423CC28BA3C11B2BC5 /* Alias.swift in Sources */ = {isa = PBXBuildFile; fileRef = C67C05EE9EEC92A71D370730 /* Alias.swift */; };
		3A7ADD635DABBCF0D05E4FB3 /* RadialControl.swift in Sources */ = {isa = PBXBuildFile; fileRef = 2A32DA433CA882F2FE5A75B4 /* RadialControl.swift */; };
		4A003A5560EDB30DDDD44FEC /* ClientContainer.swift in Sources */ = {isa = PBXBuildFile; fileRef = 56577483B075213297D7B1FB /* ClientContainer.swift */; };
		5448C35BA99CBF61C60856E5 /* WorldDisplayController.swift in Sources */ = {isa = PBXBuildFile; fileRef = 41E3B9EE0373278B7B1D8A0C /* WorldDisplayController.swift */; };
		599DA6FFFDA6A13C1D28C0D8 /* InputToolbar.swift in Sources */ = {isa = PBXBuildFile; fileRef = 179C1F51F3FA7F3183058FA3 /* InputToolbar.swift */; };
		6A93A5D14163E6C5C25FD0C6 /* LogManagerViewController.swift in Sources */ = {isa = PBXBuildFile; fileRef = C3DB563BB91CA00AE95423CD /* LogManagerViewController.swift */; };
		6E9C5B6D6A864B1EA1538D59 /* Gag.swift in Sources */ = {isa = PBXBuildFile; fileRef = C72DCB45DCAAEB4BFAFE0ACF /* Gag.swift */; };
		761201608647B5D61F2DD3FC /* AppDelegate.swift in Sources */ = {isa = PBXBuildFile; fileRef = 03BFF6C83A25A27685814871 /* AppDelegate.swift */; };
		77F544E2D30C7DE3B4E27EF6 /* InputSettingsViewController.swift in Sources */ = {isa = PBXBuildFile; fileRef = 04CBFE0E9639B868E0E679DE /* InputSettingsViewController.swift */; };
		7B401A1DC9B676F1D9FA8850 /* AliasEditorViewController.swift in Sources */ = {isa = PBXBuildFile; fileRef = 8F143A99AD05A61ADF3276B2 /* AliasEditorViewController.swift */; };
		7B6C02329E1B65AD9571E5B3 /* SilentAudioManager.swift in Sources */ = {isa = PBXBuildFile; fileRef = 48E7182CE92C217545AE0619 /* SilentAudioManager.swift */; };
		833CB26113E0CB920DDCE021 /* SessionLogger.swift in Sources */ = {isa = PBXBuildFile; fileRef = A28B7077722BD5C0C5596E3A /* SessionLogger.swift */; };
		86771E54FCDC65C4F6BC26BA /* SceneDelegate.swift in Sources */ = {isa = PBXBuildFile; fileRef = 28EC8720F9AD2036DC884AEE /* SceneDelegate.swift */; };
		9388E2D7E65D30A1ADAA37EF /* ClientViewController.swift in Sources */ = {isa = PBXBuildFile; fileRef = C801CA48367C85889814B880 /* ClientViewController.swift */; };
		9640BA875AD82CAC9CE560DD /* AdvancedAutomationViewController.swift in Sources */ = {isa = PBXBuildFile; fileRef = 502948855546CE16D7375DC1 /* AdvancedAutomationViewController.swift */; };
		9AC30ABFF7B28764F27A9CB4 /* ANSIProcessor.swift in Sources */ = {isa = PBXBuildFile; fileRef = F31BCF0F9BED62CA01FBD1FE /* ANSIProcessor.swift */; };
		9B878CB8B7565C640A5C17F7 /* ThemeManager.swift in Sources */ = {isa = PBXBuildFile; fileRef = 0B3D1160D5249EE7267D9F6D /* ThemeManager.swift */; };
		9EC63955B3419DE33449EF49 /* NotificationManager.swift in Sources */ = {isa = PBXBuildFile; fileRef = 837B41FD87CA90409494345B /* NotificationManager.swift */; };
		AF7CB08CD25633B67929BC02 /* SettingsHubViewController.swift in Sources */ = {isa = PBXBuildFile; fileRef = D9560D66F4B15AA9B58A2E67 /* SettingsHubViewController.swift */; };
		C0650255DB35703E5F82A78A /* LogContentViewController.swift in Sources */ = {isa = PBXBuildFile; fileRef = 7243F8B0131359403E9AB8CF /* LogContentViewController.swift */; };
		CD4A7F79B3782B6810000ED4 /* EnhancedWorldManagementViewController.swift in Sources */ = {isa = PBXBuildFile; fileRef = 04F852AEB2F93EAB7BF3927D /* EnhancedWorldManagementViewController.swift */; };
		CE39F794FA97AA56B68EC16A /* SettingsViewController.swift in Sources */ = {isa = PBXBuildFile; fileRef = 551CF042223D549B610EE5CF /* SettingsViewController.swift */; };
		D6CF5D3E6EBDB80899386783 /* MUDSocket.swift in Sources */ = {isa = PBXBuildFile; fileRef = 9826045CE86A954433BD3637 /* MUDSocket.swift */; };
		D85FEA83E4B99D157EADF267 /* MudView.swift in Sources */ = {isa = PBXBuildFile; fileRef = 27CE18C04CD78AD3A3A827F5 /* MudView.swift */; };
		D9C194D1B4A483F1D1848C45 /* Ticker.swift in Sources */ = {isa = PBXBuildFile; fileRef = A24CD49C09E5D2BE6F7E8831 /* Ticker.swift */; };
		E37EF6B7BBC53DA5F37B020E /* LaunchScreen.storyboard in Resources */ = {isa = PBXBuildFile; fileRef = 2AC688C38FC53F79CC66894A /* LaunchScreen.storyboard */; };
		EE9EF7F7FE20ECF7A6CA0DE6 /* SessionDashboardViewController.swift in Sources */ = {isa = PBXBuildFile; fileRef = EEB8B398C1527F7B7835E34D /* SessionDashboardViewController.swift */; };
		F21203635E7C44025B82BF78 /* Trigger.swift in Sources */ = {isa = PBXBuildFile; fileRef = 7CCC92BBDB0A6AEDE7690CFC /* Trigger.swift */; };
		FD3A2E1373DEF0EEF3482076 /* WorldEditController.swift in Sources */ = {isa = PBXBuildFile; fileRef = B8CF043AE53F2712FC4463FD /* WorldEditController.swift */; };
		FE59A92A0B2C756855E078A5 /* TriggerEditorViewController.swift in Sources */ = {isa = PBXBuildFile; fileRef = 85336DFA7EE4B2B21B2CA705 /* TriggerEditorViewController.swift */; };
/* End PBXBuildFile section */

/* Begin PBXContainerItemProxy section */
		42FD15808D22E97ED1672D66 /* PBXContainerItemProxy */ = {
			isa = PBXContainerItemProxy;
			containerPortal = 3022CA18517CFC4DA9A80635 /* Project object */;
			proxyType = 1;
			remoteGlobalIDString = A0BCF2FE32CACB9887001B5B;
			remoteInfo = MUDTapper;
		};
/* End PBXContainerItemProxy section */

/* Begin PBXFileReference section */
        0F1E2D3C4B5A697887766554 /* SessionVitalsStore.swift */ = {isa = PBXFileReference; lastKnownFileType = sourcecode.swift; path = SessionVitalsStore.swift; sourceTree = "<group>"; };
		03BFF6C83A25A27685814871 /* AppDelegate.swift */ = {isa = PBXFileReference; lastKnownFileType = sourcecode.swift; path = AppDelegate.swift; sourceTree = "<group>"; };
		2C4D6E8F9A0B1C3D5E7F9A1B /* KeychainManager.swift */ = {isa = PBXFileReference; lastKnownFileType = sourcecode.swift; path = KeychainManager.swift; sourceTree = "<group>"; };
		04CBFE0E9639B868E0E679DE /* InputSettingsViewController.swift */ = {isa = PBXFileReference; lastKnownFileType = sourcecode.swift; path = InputSettingsViewController.swift; sourceTree = "<group>"; };
		04F852AEB2F93EAB7BF3927D /* EnhancedWorldManagementViewController.swift */ = {isa = PBXFileReference; lastKnownFileType = sourcecode.swift; path = EnhancedWorldManagementViewController.swift; sourceTree = "<group>"; };
		0B3D1160D5249EE7267D9F6D /* ThemeManager.swift */ = {isa = PBXFileReference; lastKnownFileType = sourcecode.swift; path = ThemeManager.swift; sourceTree = "<group>"; };
		178628865A9627460CD0FF3E /* Info.plist */ = {isa = PBXFileReference; lastKnownFileType = text.plist; path = Info.plist; sourceTree = "<group>"; };
		179C1F51F3FA7F3183058FA3 /* InputToolbar.swift */ = {isa = PBXFileReference; lastKnownFileType = sourcecode.swift; path = InputToolbar.swift; sourceTree = "<group>"; };
		27CE18C04CD78AD3A3A827F5 /* MudView.swift */ = {isa = PBXFileReference; lastKnownFileType = sourcecode.swift; path = MudView.swift; sourceTree = "<group>"; };
		28EC8720F9AD2036DC884AEE /* SceneDelegate.swift */ = {isa = PBXFileReference; lastKnownFileType = sourcecode.swift; path = SceneDelegate.swift; sourceTree = "<group>"; };
		2A32DA433CA882F2FE5A75B4 /* RadialControl.swift */ = {isa = PBXFileReference; lastKnownFileType = sourcecode.swift; path = RadialControl.swift; sourceTree = "<group>"; };
		2AC688C38FC53F79CC66894A /* LaunchScreen.storyboard */ = {isa = PBXFileReference; lastKnownFileType = file.storyboard; path = LaunchScreen.storyboard; sourceTree = "<group>"; };
		41E3B9EE0373278B7B1D8A0C /* WorldDisplayController.swift */ = {isa = PBXFileReference; lastKnownFileType = sourcecode.swift; path = WorldDisplayController.swift; sourceTree = "<group>"; };
		48E7182CE92C217545AE0619 /* SilentAudioManager.swift */ = {isa = PBXFileReference; lastKnownFileType = sourcecode.swift; path = SilentAudioManager.swift; sourceTree = "<group>"; };
		502948855546CE16D7375DC1 /* AdvancedAutomationViewController.swift */ = {isa = PBXFileReference; lastKnownFileType = sourcecode.swift; path = AdvancedAutomationViewController.swift; sourceTree = "<group>"; };
		551CF042223D549B610EE5CF /* SettingsViewController.swift */ = {isa = PBXFileReference; lastKnownFileType = sourcecode.swift; path = SettingsViewController.swift; sourceTree = "<group>"; };
		56577483B075213297D7B1FB /* ClientContainer.swift */ = {isa = PBXFileReference; lastKnownFileType = sourcecode.swift; path = ClientContainer.swift; sourceTree = "<group>"; };
		6251685F95C9F653B7B79E28 /* WorldCardCell.swift */ = {isa = PBXFileReference; lastKnownFileType = sourcecode.swift; path = WorldCardCell.swift; sourceTree = "<group>"; };
		662BE16596DDC3A6772B38ED /* ANSIProcessorTests.swift */ = {isa = PBXFileReference; lastKnownFileType = sourcecode.swift; path = ANSIProcessorTests.swift; sourceTree = "<group>"; };
		7243F8B0131359403E9AB8CF /* LogContentViewController.swift */ = {isa = PBXFileReference; lastKnownFileType = sourcecode.swift; path = LogContentViewController.swift; sourceTree = "<group>"; };
		7AC907204591BB92DFB82A38 /* MUDTapperTests.xctest */ = {isa = PBXFileReference; includeInIndex = 0; lastKnownFileType = wrapper.cfbundle; path = MUDTapperTests.xctest; sourceTree = BUILT_PRODUCTS_DIR; };
		7CCC92BBDB0A6AEDE7690CFC /* Trigger.swift */ = {isa = PBXFileReference; lastKnownFileType = sourcecode.swift; path = Trigger.swift; sourceTree = "<group>"; };
		7D8B20A56605B46D0D17CB9E /* MUDTapper.xcdatamodel */ = {isa = PBXFileReference; lastKnownFileType = wrapper.xcdatamodel; path = MUDTapper.xcdatamodel; sourceTree = "<group>"; };
		837B41FD87CA90409494345B /* NotificationManager.swift */ = {isa = PBXFileReference; lastKnownFileType = sourcecode.swift; path = NotificationManager.swift; sourceTree = "<group>"; };
		85336DFA7EE4B2B21B2CA705 /* TriggerEditorViewController.swift */ = {isa = PBXFileReference; lastKnownFileType = sourcecode.swift; path = TriggerEditorViewController.swift; sourceTree = "<group>"; };
		8F143A99AD05A61ADF3276B2 /* AliasEditorViewController.swift */ = {isa = PBXFileReference; lastKnownFileType = sourcecode.swift; path = AliasEditorViewController.swift; sourceTree = "<group>"; };
		9826045CE86A954433BD3637 /* MUDSocket.swift */ = {isa = PBXFileReference; lastKnownFileType = sourcecode.swift; path = MUDSocket.swift; sourceTree = "<group>"; };
		A24CD49C09E5D2BE6F7E8831 /* Ticker.swift */ = {isa = PBXFileReference; lastKnownFileType = sourcecode.swift; path = Ticker.swift; sourceTree = "<group>"; };
		A28B7077722BD5C0C5596E3A /* SessionLogger.swift */ = {isa = PBXFileReference; lastKnownFileType = sourcecode.swift; path = SessionLogger.swift; sourceTree = "<group>"; };
		AF997AA3624C15E5AE4B9AB2 /* ThemeSettingsViewController.swift */ = {isa = PBXFileReference; lastKnownFileType = sourcecode.swift; path = ThemeSettingsViewController.swift; sourceTree = "<group>"; };
		B641755D33EC5B6623194F5D /* PersistenceController.swift */ = {isa = PBXFileReference; lastKnownFileType = sourcecode.swift; path = PersistenceController.swift; sourceTree = "<group>"; };
		B8CF043AE53F2712FC4463FD /* WorldEditController.swift */ = {isa = PBXFileReference; lastKnownFileType = sourcecode.swift; path = WorldEditController.swift; sourceTree = "<group>"; };
		C3DB563BB91CA00AE95423CD /* LogManagerViewController.swift */ = {isa = PBXFileReference; lastKnownFileType = sourcecode.swift; path = LogManagerViewController.swift; sourceTree = "<group>"; };
		C67C05EE9EEC92A71D370730 /* Alias.swift */ = {isa = PBXFileReference; lastKnownFileType = sourcecode.swift; path = Alias.swift; sourceTree = "<group>"; };
		C72DCB45DCAAEB4BFAFE0ACF /* Gag.swift */ = {isa = PBXFileReference; lastKnownFileType = sourcecode.swift; path = Gag.swift; sourceTree = "<group>"; };
		C801CA48367C85889814B880 /* ClientViewController.swift */ = {isa = PBXFileReference; lastKnownFileType = sourcecode.swift; path = ClientViewController.swift; sourceTree = "<group>"; };
		D53C2171DCAD9163B513FFB0 /* AutomationItemCell.swift */ = {isa = PBXFileReference; lastKnownFileType = sourcecode.swift; path = AutomationItemCell.swift; sourceTree = "<group>"; };
		D89A48F4045AA5B858F72EDF /* MUDTapper.app */ = {isa = PBXFileReference; explicitFileType = wrapper.application; includeInIndex = 0; path = MUDTapper.app; sourceTree = BUILT_PRODUCTS_DIR; };
		D9560D66F4B15AA9B58A2E67 /* SettingsHubViewController.swift */ = {isa = PBXFileReference; lastKnownFileType = sourcecode.swift; path = SettingsHubViewController.swift; sourceTree = "<group>"; };
		DFAD62E2FEDE014794189C7B /* World.swift */ = {isa = PBXFileReference; lastKnownFileType = sourcecode.swift; path = World.swift; sourceTree = "<group>"; };
		EEB8B398C1527F7B7835E34D /* SessionDashboardViewController.swift */ = {isa = PBXFileReference; lastKnownFileType = sourcecode.swift; path = SessionDashboardViewController.swift; sourceTree = "<group>"; };
		F31BCF0F9BED62CA01FBD1FE /* ANSIProcessor.swift */ = {isa = PBXFileReference; lastKnownFileType = sourcecode.swift; path = ANSIProcessor.swift; sourceTree = "<group>"; };
		F980EAE295EE60E017CA886F /* DefaultWorlds.plist */ = {isa = PBXFileReference; lastKnownFileType = text.plist; path = DefaultWorlds.plist; sourceTree = "<group>"; };
/* End PBXFileReference section */

/* Begin PBXGroup section */
		5A48180E2351429BE141E754 /* MUDTapper */ = {
			isa = PBXGroup;
			children = (
				03BFF6C83A25A27685814871 /* AppDelegate.swift */,
				38E2007CBADA8A0B272E3570 /* MUDTapper.xcdatamodeld */,
				28EC8720F9AD2036DC884AEE /* SceneDelegate.swift */,
				A68F7D4DCDA549E4F21C7B76 /* Controllers */,
				9BDC181BECECB6D7902B7037 /* Models */,
				8D872703537312C1E079348C /* Network */,
				91B13BE589FAB625D484914B /* Resources */,
				BB174654B510E97856D66B80 /* Views */,
			);
			path = MUDTapper;
			sourceTree = "<group>";
		};
		8D872703537312C1E079348C /* Network */ = {
			isa = PBXGroup;
			children = (
				F31BCF0F9BED62CA01FBD1FE /* ANSIProcessor.swift */,
				9826045CE86A954433BD3637 /* MUDSocket.swift */,
			);
			path = Network;
			sourceTree = "<group>";
		};
		91B13BE589FAB625D484914B /* Resources */ = {
			isa = PBXGroup;
			children = (
				F980EAE295EE60E017CA886F /* DefaultWorlds.plist */,
				2AC688C38FC53F79CC66894A /* LaunchScreen.storyboard */,
			);
			path = Resources;
			sourceTree = "<group>";
		};
		928EC20D6D055B42F7E5562C /* MUDTapperTests */ = {
			isa = PBXGroup;
			children = (
				662BE16596DDC3A6772B38ED /* ANSIProcessorTests.swift */,
				178628865A9627460CD0FF3E /* Info.plist */,
			);
			path = MUDTapperTests;
			sourceTree = "<group>";
		};
		9BDC181BECECB6D7902B7037 /* Models */ = {
			isa = PBXGroup;
			children = (
				C67C05EE9EEC92A71D370730 /* Alias.swift */,
				C72DCB45DCAAEB4BFAFE0ACF /* Gag.swift */,
				2C4D6E8F9A0B1C3D5E7F9A1B /* KeychainManager.swift */,
				837B41FD87CA90409494345B /* NotificationManager.swift */,
				B641755D33EC5B6623194F5D /* PersistenceController.swift */,
				2A32DA433CA882F2FE5A75B4 /* RadialControl.swift */,
				A28B7077722BD5C0C5596E3A /* SessionLogger.swift */,
				48E7182CE92C217545AE0619 /* SilentAudioManager.swift */,
				0B3D1160D5249EE7267D9F6D /* ThemeManager.swift */,
				A24CD49C09E5D2BE6F7E8831 /* Ticker.swift */,
                7CCC92BBDB0A6AEDE7690CFC /* Trigger.swift */,
                0F1E2D3C4B5A697887766554 /* SessionVitalsStore.swift */,
				DFAD62E2FEDE014794189C7B /* World.swift */,
			);
			path = Models;
			sourceTree = "<group>";
		};
		A1922AC56E8D3E36E18C786F = {
			isa = PBXGroup;
			children = (
				5A48180E2351429BE141E754 /* MUDTapper */,
				928EC20D6D055B42F7E5562C /* MUDTapperTests */,
				BF9BA426EFF7E5DABCEFAA57 /* Products */,
			);
			sourceTree = "<group>";
		};
		A68F7D4DCDA549E4F21C7B76 /* Controllers */ = {
			isa = PBXGroup;
			children = (
				502948855546CE16D7375DC1 /* AdvancedAutomationViewController.swift */,
				8F143A99AD05A61ADF3276B2 /* AliasEditorViewController.swift */,
				56577483B075213297D7B1FB /* ClientContainer.swift */,
				C801CA48367C85889814B880 /* ClientViewController.swift */,
				04F852AEB2F93EAB7BF3927D /* EnhancedWorldManagementViewController.swift */,
				04CBFE0E9639B868E0E679DE /* InputSettingsViewController.swift */,
				7243F8B0131359403E9AB8CF /* LogContentViewController.swift */,
				C3DB563BB91CA00AE95423CD /* LogManagerViewController.swift */,
				EEB8B398C1527F7B7835E34D /* SessionDashboardViewController.swift */,
				D9560D66F4B15AA9B58A2E67 /* SettingsHubViewController.swift */,
				551CF042223D549B610EE5CF /* SettingsViewController.swift */,
				AF997AA3624C15E5AE4B9AB2 /* ThemeSettingsViewController.swift */,
				85336DFA7EE4B2B21B2CA705 /* TriggerEditorViewController.swift */,
				41E3B9EE0373278B7B1D8A0C /* WorldDisplayController.swift */,
				B8CF043AE53F2712FC4463FD /* WorldEditController.swift */,
			);
			path = Controllers;
			sourceTree = "<group>";
		};
		BB174654B510E97856D66B80 /* Views */ = {
			isa = PBXGroup;
			children = (
				D53C2171DCAD9163B513FFB0 /* AutomationItemCell.swift */,
				179C1F51F3FA7F3183058FA3 /* InputToolbar.swift */,
				27CE18C04CD78AD3A3A827F5 /* MudView.swift */,
				6251685F95C9F653B7B79E28 /* WorldCardCell.swift */,
			);
			path = Views;
			sourceTree = "<group>";
		};
		BF9BA426EFF7E5DABCEFAA57 /* Products */ = {
			isa = PBXGroup;
			children = (
				D89A48F4045AA5B858F72EDF /* MUDTapper.app */,
				7AC907204591BB92DFB82A38 /* MUDTapperTests.xctest */,
			);
			name = Products;
			sourceTree = "<group>";
		};
/* End PBXGroup section */

/* Begin PBXNativeTarget section */
		51035B553F8F4D11EB65314F /* MUDTapperTests */ = {
			isa = PBXNativeTarget;
			buildConfigurationList = 226FD524FC22C933EA027F75 /* Build configuration list for PBXNativeTarget "MUDTapperTests" */;
			buildPhases = (
				36416D36D5B7D194E7D9F1A5 /* Sources */,
			);
			buildRules = (
			);
			dependencies = (
				6F8D7E1C1CA07A9F793311C7 /* PBXTargetDependency */,
			);
			name = MUDTapperTests;
			packageProductDependencies = (
			);
			productName = MUDTapperTests;
			productReference = 7AC907204591BB92DFB82A38 /* MUDTapperTests.xctest */;
			productType = "com.apple.product-type.bundle.unit-test";
		};
		A0BCF2FE32CACB9887001B5B /* MUDTapper */ = {
			isa = PBXNativeTarget;
			buildConfigurationList = F46C8A5E81C75E14820F50AA /* Build configuration list for PBXNativeTarget "MUDTapper" */;
			buildPhases = (
				A0D5A57FC713B2799C3F812C /* Sources */,
				FFCF15B0285DA5796E011DBB /* Resources */,
			);
			buildRules = (
			);
			dependencies = (
			);
			name = MUDTapper;
			packageProductDependencies = (
			);
			productName = MUDTapper;
			productReference = D89A48F4045AA5B858F72EDF /* MUDTapper.app */;
			productType = "com.apple.product-type.application";
		};
/* End PBXNativeTarget section */

/* Begin PBXProject section */
		3022CA18517CFC4DA9A80635 /* Project object */ = {
			isa = PBXProject;
			attributes = {
				BuildIndependentTargetsInParallel = YES;
				LastUpgradeCheck = 1500;
				TargetAttributes = {
					A0BCF2FE32CACB9887001B5B = {
						ProvisioningStyle = Automatic;
					};
				};
			};
			buildConfigurationList = D5D04EE1F7F98004B7D34212 /* Build configuration list for PBXProject "MUDTapper" */;
			compatibilityVersion = "Xcode 14.0";
			developmentRegion = en;
			hasScannedForEncodings = 0;
			knownRegions = (
				Base,
				en,
			);
			mainGroup = A1922AC56E8D3E36E18C786F;
			minimizedProjectReferenceProxies = 1;
			projectDirPath = "";
			projectRoot = "";
			targets = (
				A0BCF2FE32CACB9887001B5B /* MUDTapper */,
				51035B553F8F4D11EB65314F /* MUDTapperTests */,
			);
		};
/* End PBXProject section */

/* Begin PBXResourcesBuildPhase section */
		FFCF15B0285DA5796E011DBB /* Resources */ = {
			isa = PBXResourcesBuildPhase;
			buildActionMask = 2147483647;
			files = (
				34A6F5FC2EF7C964879569EE /* DefaultWorlds.plist in Resources */,
				E37EF6B7BBC53DA5F37B020E /* LaunchScreen.storyboard in Resources */,
			);
			runOnlyForDeploymentPostprocessing = 0;
		};
/* End PBXResourcesBuildPhase section */

/* Begin PBXSourcesBuildPhase section */
		36416D36D5B7D194E7D9F1A5 /* Sources */ = {
			isa = PBXSourcesBuildPhase;
			buildActionMask = 2147483647;
			files = (
				0B914DBC526C0929883FFAB7 /* ANSIProcessorTests.swift in Sources */,
			);
			runOnlyForDeploymentPostprocessing = 0;
		};
		A0D5A57FC713B2799C3F812C /* Sources */ = {
			isa = PBXSourcesBuildPhase;
			buildActionMask = 2147483647;
			files = (
				9AC30ABFF7B28764F27A9CB4 /* ANSIProcessor.swift in Sources */,
				9640BA875AD82CAC9CE560DD /* AdvancedAutomationViewController.swift in Sources */,
				393D16423CC28BA3C11B2BC5 /* Alias.swift in Sources */,
				7B401A1DC9B676F1D9FA8850 /* AliasEditorViewController.swift in Sources */,
				761201608647B5D61F2DD3FC /* AppDelegate.swift in Sources */,
				3453EC76B78331BAF1E57252 /* AutomationItemCell.swift in Sources */,
				4A003A5560EDB30DDDD44FEC /* ClientContainer.swift in Sources */,
				9388E2D7E65D30A1ADAA37EF /* ClientViewController.swift in Sources */,
				CD4A7F79B3782B6810000ED4 /* EnhancedWorldManagementViewController.swift in Sources */,
				6E9C5B6D6A864B1EA1538D59 /* Gag.swift in Sources */,
				77F544E2D30C7DE3B4E27EF6 /* InputSettingsViewController.swift in Sources */,
				1B3E5F7A8C9D0E2F4A6B8C7D /* KeychainManager.swift in Sources */,
				599DA6FFFDA6A13C1D28C0D8 /* InputToolbar.swift in Sources */,
				C0650255DB35703E5F82A78A /* LogContentViewController.swift in Sources */,
				6A93A5D14163E6C5C25FD0C6 /* LogManagerViewController.swift in Sources */,
				D6CF5D3E6EBDB80899386783 /* MUDSocket.swift in Sources */,
				0E8D95DC952C8A92A3CF4757 /* MUDTapper.xcdatamodeld in Sources */,
				D85FEA83E4B99D157EADF267 /* MudView.swift in Sources */,
				9EC63955B3419DE33449EF49 /* NotificationManager.swift in Sources */,
				2308EA878FBBDB769DF22E25 /* PersistenceController.swift in Sources */,
				3A7ADD635DABBCF0D05E4FB3 /* RadialControl.swift in Sources */,
				86771E54FCDC65C4F6BC26BA /* SceneDelegate.swift in Sources */,
				EE9EF7F7FE20ECF7A6CA0DE6 /* SessionDashboardViewController.swift in Sources */,
				833CB26113E0CB920DDCE021 /* SessionLogger.swift in Sources */,
				AF7CB08CD25633B67929BC02 /* SettingsHubViewController.swift in Sources */,
				CE39F794FA97AA56B68EC16A /* SettingsViewController.swift in Sources */,
				7B6C02329E1B65AD9571E5B3 /* SilentAudioManager.swift in Sources */,
				9B878CB8B7565C640A5C17F7 /* ThemeManager.swift in Sources */,
                1A2B3C4D5E6F708090A0B0C0 /* SessionVitalsStore.swift in Sources */,
				0A2E3D1D7817FDFC95550806 /* ThemeSettingsViewController.swift in Sources */,
				D9C194D1B4A483F1D1848C45 /* Ticker.swift in Sources */,
				F21203635E7C44025B82BF78 /* Trigger.swift in Sources */,
				FE59A92A0B2C756855E078A5 /* TriggerEditorViewController.swift in Sources */,
				31AA8BDBB801D1D7FAAC2BB0 /* World.swift in Sources */,
				183986E0575BA848DD7470B1 /* WorldCardCell.swift in Sources */,
				5448C35BA99CBF61C60856E5 /* WorldDisplayController.swift in Sources */,
				FD3A2E1373DEF0EEF3482076 /* WorldEditController.swift in Sources */,
			);
			runOnlyForDeploymentPostprocessing = 0;
		};
/* End PBXSourcesBuildPhase section */

/* Begin PBXTargetDependency section */
		6F8D7E1C1CA07A9F793311C7 /* PBXTargetDependency */ = {
			isa = PBXTargetDependency;
			target = A0BCF2FE32CACB9887001B5B /* MUDTapper */;
			targetProxy = 42FD15808D22E97ED1672D66 /* PBXContainerItemProxy */;
		};
/* End PBXTargetDependency section */

/* Begin XCBuildConfiguration section */
		0EEF58104CD86B02EDC23AD2 /* Debug */ = {
			isa = XCBuildConfiguration;
			buildSettings = {
				BUNDLE_LOADER = "$(TEST_HOST)";
				INFOPLIST_FILE = MUDTapperTests/Info.plist;
				IPHONEOS_DEPLOYMENT_TARGET = 15.0;
				LD_RUNPATH_SEARCH_PATHS = (
					"$(inherited)",
					"@executable_path/Frameworks",
					"@loader_path/Frameworks",
				);
				PRODUCT_BUNDLE_IDENTIFIER = com.mudtapper.MUDTapperTests;
				SDKROOT = iphoneos;
				TARGETED_DEVICE_FAMILY = "1,2";
				TEST_HOST = "$(BUILT_PRODUCTS_DIR)/MUDTapper.app/MUDTapper";
			};
			name = Debug;
		};
		350E4E6D459762AFD4520438 /* Release */ = {
			isa = XCBuildConfiguration;
			buildSettings = {
				ASSETCATALOG_COMPILER_APPICON_NAME = AppIcon;
				ASSETCATALOG_COMPILER_GLOBAL_ACCENT_COLOR_NAME = AccentColor;
				CODE_SIGN_IDENTITY = "iPhone Developer";
				CODE_SIGN_STYLE = Automatic;
				DEVELOPMENT_TEAM = 59UN3382JY;
				INFOPLIST_FILE = MUDTapper/Info.plist;
				IPHONEOS_DEPLOYMENT_TARGET = 15.0;
				LD_RUNPATH_SEARCH_PATHS = (
					"$(inherited)",
					"@executable_path/Frameworks",
				);
				PRODUCT_BUNDLE_IDENTIFIER = com.mudtapper.MUDTapper;
				SDKROOT = iphoneos;
				SUPPORTS_MACCATALYST = NO;
				SWIFT_VERSION = 5.9;
				TARGETED_DEVICE_FAMILY = "1,2";
			};
			name = Release;
		};
		59BFA81A09A6A4DFF2D1A2ED /* Release */ = {
			isa = XCBuildConfiguration;
			buildSettings = {
				BUNDLE_LOADER = "$(TEST_HOST)";
				INFOPLIST_FILE = MUDTapperTests/Info.plist;
				IPHONEOS_DEPLOYMENT_TARGET = 15.0;
				LD_RUNPATH_SEARCH_PATHS = (
					"$(inherited)",
					"@executable_path/Frameworks",
					"@loader_path/Frameworks",
				);
				PRODUCT_BUNDLE_IDENTIFIER = com.mudtapper.MUDTapperTests;
				SDKROOT = iphoneos;
				TARGETED_DEVICE_FAMILY = "1,2";
				TEST_HOST = "$(BUILT_PRODUCTS_DIR)/MUDTapper.app/MUDTapper";
			};
			name = Release;
		};
		6E84FD237DDFBBA085EB6FCD /* Release */ = {
			isa = XCBuildConfiguration;
			buildSettings = {
				ALWAYS_SEARCH_USER_PATHS = NO;
				CLANG_ANALYZER_NONNULL = YES;
				CLANG_ANALYZER_NUMBER_OBJECT_CONVERSION = YES_AGGRESSIVE;
				CLANG_CXX_LANGUAGE_STANDARD = "gnu++14";
				CLANG_CXX_LIBRARY = "libc++";
				CLANG_ENABLE_MODULES = YES;
				CLANG_ENABLE_OBJC_ARC = YES;
				CLANG_ENABLE_OBJC_WEAK = YES;
				CLANG_WARN_BLOCK_CAPTURE_AUTORELEASING = YES;
				CLANG_WARN_BOOL_CONVERSION = YES;
				CLANG_WARN_COMMA = YES;
				CLANG_WARN_CONSTANT_CONVERSION = YES;
				CLANG_WARN_DEPRECATED_OBJC_IMPLEMENTATIONS = YES;
				CLANG_WARN_DIRECT_OBJC_ISA_USAGE = YES_ERROR;
				CLANG_WARN_DOCUMENTATION_COMMENTS = YES;
				CLANG_WARN_EMPTY_BODY = YES;
				CLANG_WARN_ENUM_CONVERSION = YES;
				CLANG_WARN_INFINITE_RECURSION = YES;
				CLANG_WARN_INT_CONVERSION = YES;
				CLANG_WARN_NON_LITERAL_NULL_CONVERSION = YES;
				CLANG_WARN_OBJC_IMPLICIT_RETAIN_SELF = YES;
				CLANG_WARN_OBJC_LITERAL_CONVERSION = YES;
				CLANG_WARN_OBJC_ROOT_CLASS = YES_ERROR;
				CLANG_WARN_QUOTED_INCLUDE_IN_FRAMEWORK_HEADER = YES;
				CLANG_WARN_RANGE_LOOP_ANALYSIS = YES;
				CLANG_WARN_STRICT_PROTOTYPES = YES;
				CLANG_WARN_SUSPICIOUS_MOVE = YES;
				CLANG_WARN_UNGUARDED_AVAILABILITY = YES_AGGRESSIVE;
				CLANG_WARN_UNREACHABLE_CODE = YES;
				CLANG_WARN__DUPLICATE_METHOD_MATCH = YES;
				COPY_PHASE_STRIP = NO;
				DEBUG_INFORMATION_FORMAT = "dwarf-with-dsym";
				ENABLE_NS_ASSERTIONS = NO;
				ENABLE_STRICT_OBJC_MSGSEND = YES;
				GCC_C_LANGUAGE_STANDARD = gnu11;
				GCC_NO_COMMON_BLOCKS = YES;
				GCC_WARN_64_TO_32_BIT_CONVERSION = YES;
				GCC_WARN_ABOUT_RETURN_TYPE = YES_ERROR;
				GCC_WARN_UNDECLARED_SELECTOR = YES;
				GCC_WARN_UNINITIALIZED_AUTOS = YES_AGGRESSIVE;
				GCC_WARN_UNUSED_FUNCTION = YES;
				GCC_WARN_UNUSED_VARIABLE = YES;
				IPHONEOS_DEPLOYMENT_TARGET = 15.0;
				MTL_ENABLE_DEBUG_INFO = NO;
				MTL_FAST_MATH = YES;
				PRODUCT_NAME = "$(TARGET_NAME)";
				SDKROOT = iphoneos;
				SUPPORTS_MACCATALYST = NO;
				SWIFT_COMPILATION_MODE = wholemodule;
				SWIFT_OPTIMIZATION_LEVEL = "-O";
				SWIFT_VERSION = 5.9;
				TARGETED_DEVICE_FAMILY = "1,2";
			};
			name = Release;
		};
		6FED370FB168D8A799A80278 /* Debug */ = {
			isa = XCBuildConfiguration;
			buildSettings = {
				ASSETCATALOG_COMPILER_APPICON_NAME = AppIcon;
				ASSETCATALOG_COMPILER_GLOBAL_ACCENT_COLOR_NAME = AccentColor;
				CODE_SIGN_IDENTITY = "iPhone Developer";
				CODE_SIGN_STYLE = Automatic;
				DEVELOPMENT_TEAM = 59UN3382JY;
				INFOPLIST_FILE = MUDTapper/Info.plist;
				IPHONEOS_DEPLOYMENT_TARGET = 15.0;
				LD_RUNPATH_SEARCH_PATHS = (
					"$(inherited)",
					"@executable_path/Frameworks",
				);
				PRODUCT_BUNDLE_IDENTIFIER = com.mudtapper.MUDTapper;
				SDKROOT = iphoneos;
				SUPPORTS_MACCATALYST = NO;
				SWIFT_VERSION = 5.9;
				TARGETED_DEVICE_FAMILY = "1,2";
			};
			name = Debug;
		};
		A004B791B510638E41D8329D /* Debug */ = {
			isa = XCBuildConfiguration;
			buildSettings = {
				ALWAYS_SEARCH_USER_PATHS = NO;
				CLANG_ANALYZER_NONNULL = YES;
				CLANG_ANALYZER_NUMBER_OBJECT_CONVERSION = YES_AGGRESSIVE;
				CLANG_CXX_LANGUAGE_STANDARD = "gnu++14";
				CLANG_CXX_LIBRARY = "libc++";
				CLANG_ENABLE_MODULES = YES;
				CLANG_ENABLE_OBJC_ARC = YES;
				CLANG_ENABLE_OBJC_WEAK = YES;
				CLANG_WARN_BLOCK_CAPTURE_AUTORELEASING = YES;
				CLANG_WARN_BOOL_CONVERSION = YES;
				CLANG_WARN_COMMA = YES;
				CLANG_WARN_CONSTANT_CONVERSION = YES;
				CLANG_WARN_DEPRECATED_OBJC_IMPLEMENTATIONS = YES;
				CLANG_WARN_DIRECT_OBJC_ISA_USAGE = YES_ERROR;
				CLANG_WARN_DOCUMENTATION_COMMENTS = YES;
				CLANG_WARN_EMPTY_BODY = YES;
				CLANG_WARN_ENUM_CONVERSION = YES;
				CLANG_WARN_INFINITE_RECURSION = YES;
				CLANG_WARN_INT_CONVERSION = YES;
				CLANG_WARN_NON_LITERAL_NULL_CONVERSION = YES;
				CLANG_WARN_OBJC_IMPLICIT_RETAIN_SELF = YES;
				CLANG_WARN_OBJC_LITERAL_CONVERSION = YES;
				CLANG_WARN_OBJC_ROOT_CLASS = YES_ERROR;
				CLANG_WARN_QUOTED_INCLUDE_IN_FRAMEWORK_HEADER = YES;
				CLANG_WARN_RANGE_LOOP_ANALYSIS = YES;
				CLANG_WARN_STRICT_PROTOTYPES = YES;
				CLANG_WARN_SUSPICIOUS_MOVE = YES;
				CLANG_WARN_UNGUARDED_AVAILABILITY = YES_AGGRESSIVE;
				CLANG_WARN_UNREACHABLE_CODE = YES;
				CLANG_WARN__DUPLICATE_METHOD_MATCH = YES;
				COPY_PHASE_STRIP = NO;
				DEBUG_INFORMATION_FORMAT = dwarf;
				ENABLE_STRICT_OBJC_MSGSEND = YES;
				ENABLE_TESTABILITY = YES;
				GCC_C_LANGUAGE_STANDARD = gnu11;
				GCC_DYNAMIC_NO_PIC = NO;
				GCC_NO_COMMON_BLOCKS = YES;
				GCC_OPTIMIZATION_LEVEL = 0;
				GCC_PREPROCESSOR_DEFINITIONS = (
					"$(inherited)",
					"DEBUG=1",
				);
				GCC_WARN_64_TO_32_BIT_CONVERSION = YES;
				GCC_WARN_ABOUT_RETURN_TYPE = YES_ERROR;
				GCC_WARN_UNDECLARED_SELECTOR = YES;
				GCC_WARN_UNINITIALIZED_AUTOS = YES_AGGRESSIVE;
				GCC_WARN_UNUSED_FUNCTION = YES;
				GCC_WARN_UNUSED_VARIABLE = YES;
				IPHONEOS_DEPLOYMENT_TARGET = 15.0;
				MTL_ENABLE_DEBUG_INFO = INCLUDE_SOURCE;
				MTL_FAST_MATH = YES;
				ONLY_ACTIVE_ARCH = YES;
				PRODUCT_NAME = "$(TARGET_NAME)";
				SDKROOT = iphoneos;
				SUPPORTS_MACCATALYST = NO;
				SWIFT_ACTIVE_COMPILATION_CONDITIONS = DEBUG;
				SWIFT_OPTIMIZATION_LEVEL = "-Onone";
				SWIFT_VERSION = 5.9;
				TARGETED_DEVICE_FAMILY = "1,2";
			};
			name = Debug;
		};
/* End XCBuildConfiguration section */

/* Begin XCConfigurationList section */
		226FD524FC22C933EA027F75 /* Build configuration list for PBXNativeTarget "MUDTapperTests" */ = {
			isa = XCConfigurationList;
			buildConfigurations = (
				0EEF58104CD86B02EDC23AD2 /* Debug */,
				59BFA81A09A6A4DFF2D1A2ED /* Release */,
			);
			defaultConfigurationIsVisible = 0;
			defaultConfigurationName = Debug;
		};
		D5D04EE1F7F98004B7D34212 /* Build configuration list for PBXProject "MUDTapper" */ = {
			isa = XCConfigurationList;
			buildConfigurations = (
				A004B791B510638E41D8329D /* Debug */,
				6E84FD237DDFBBA085EB6FCD /* Release */,
			);
			defaultConfigurationIsVisible = 0;
			defaultConfigurationName = Debug;
		};
		F46C8A5E81C75E14820F50AA /* Build configuration list for PBXNativeTarget "MUDTapper" */ = {
			isa = XCConfigurationList;
			buildConfigurations = (
				6FED370FB168D8A799A80278 /* Debug */,
				350E4E6D459762AFD4520438 /* Release */,
			);
			defaultConfigurationIsVisible = 0;
			defaultConfigurationName = Debug;
		};
/* End XCConfigurationList section */

/* Begin XCVersionGroup section */
		38E2007CBADA8A0B272E3570 /* MUDTapper.xcdatamodeld */ = {
			isa = XCVersionGroup;
			children = (
				7D8B20A56605B46D0D17CB9E /* MUDTapper.xcdatamodel */,
			);
			currentVersion = 7D8B20A56605B46D0D17CB9E /* MUDTapper.xcdatamodel */;
			path = MUDTapper.xcdatamodeld;
			sourceTree = "<group>";
			versionGroupType = wrapper.xcdatamodel;
		};
/* End XCVersionGroup section */
	};
	rootObject = 3022CA18517CFC4DA9A80635 /* Project object */;
}
